
Microsoft Visual Studio Solution File, Format Version 12.00
Project("{FAE04EC0-301F-11D3-BF4B-00C04F79EFBC}") = "Init7Tv.Api", "Init7Tv.Api\Init7Tv.Api.csproj", "{EAF3C7B7-796B-443C-BF72-B46C264103DC}"
EndProject
Project("{FAE04EC0-301F-11D3-BF4B-00C04F79EFBC}") = "Init7Tv.BusinessLogic", "Init7Tv.BusinessLogic\Init7Tv.BusinessLogic.csproj", "{F00E5A24-C3B9-477F-8838-2283569DB1A4}"
EndProject
Project("{FAE04EC0-301F-11D3-BF4B-00C04F79EFBC}") = "Init7Tv.Dto", "Init7Tv.Dto\Init7Tv.Dto.csproj", "{371DDBAB-A591-4241-A71E-C21AEA1C9B5C}"
EndProject
Project("{FAE04EC0-301F-11D3-BF4B-00C04F79EFBC}") = "Init7Tv.Dal", "Init7Tv.Dal\Init7Tv.Dal.csproj", "{0FE7E025-B319-4CBD-9589-1CF17331DD5E}"
EndProject
Project("{FAE04EC0-301F-11D3-BF4B-00C04F79EFBC}") = "Init7Tv.Shared", "Init7Tv.Shared\Init7Tv.Shared.csproj", "{7DA71674-DF07-4106-A292-FBB4F339D10F}"
EndProject
Project("{FAE04EC0-301F-11D3-BF4B-00C04F79EFBC}") = "Init7Tv.UnitTest", "Init7Tv.UnitTest\Init7Tv.UnitTest.csproj", "{8221EF94-73F0-4BDD-A1FF-E6E428B9EF72}"
EndProject
Global
	GlobalSection(SolutionConfigurationPlatforms) = preSolution
		Debug|Any CPU = Debug|Any CPU
		Debug|x64 = Debug|x64
		Debug|x86 = Debug|x86
		Release|Any CPU = Release|Any CPU
		Release|x64 = Release|x64
		Release|x86 = Release|x86
	EndGlobalSection
	GlobalSection(ProjectConfigurationPlatforms) = postSolution
		{EAF3C7B7-796B-443C-BF72-B46C264103DC}.Debug|Any CPU.ActiveCfg = Debug|Any CPU
		{EAF3C7B7-796B-443C-BF72-B46C264103DC}.Debug|Any CPU.Build.0 = Debug|Any CPU
		{EAF3C7B7-796B-443C-BF72-B46C264103DC}.Debug|x64.ActiveCfg = Debug|Any CPU
		{EAF3C7B7-796B-443C-BF72-B46C264103DC}.Debug|x64.Build.0 = Debug|Any CPU
		{EAF3C7B7-796B-443C-BF72-B46C264103DC}.Debug|x86.ActiveCfg = Debug|Any CPU
		{EAF3C7B7-796B-443C-BF72-B46C264103DC}.Debug|x86.Build.0 = Debug|Any CPU
		{EAF3C7B7-796B-443C-BF72-B46C264103DC}.Release|Any CPU.ActiveCfg = Release|Any CPU
		{EAF3C7B7-796B-443C-BF72-B46C264103DC}.Release|Any CPU.Build.0 = Release|Any CPU
		{EAF3C7B7-796B-443C-BF72-B46C264103DC}.Release|x64.ActiveCfg = Release|Any CPU
		{EAF3C7B7-796B-443C-BF72-B46C264103DC}.Release|x64.Build.0 = Release|Any CPU
		{EAF3C7B7-796B-443C-BF72-B46C264103DC}.Release|x86.ActiveCfg = Release|Any CPU
		{EAF3C7B7-796B-443C-BF72-B46C264103DC}.Release|x86.Build.0 = Release|Any CPU
		{F00E5A24-C3B9-477F-8838-2283569DB1A4}.Debug|Any CPU.ActiveCfg = Debug|Any CPU
		{F00E5A24-C3B9-477F-8838-2283569DB1A4}.Debug|Any CPU.Build.0 = Debug|Any CPU
		{F00E5A24-C3B9-477F-8838-2283569DB1A4}.Debug|x64.ActiveCfg = Debug|Any CPU
		{F00E5A24-C3B9-477F-8838-2283569DB1A4}.Debug|x64.Build.0 = Debug|Any CPU
		{F00E5A24-C3B9-477F-8838-2283569DB1A4}.Debug|x86.ActiveCfg = Debug|Any CPU
		{F00E5A24-C3B9-477F-8838-2283569DB1A4}.Debug|x86.Build.0 = Debug|Any CPU
		{F00E5A24-C3B9-477F-8838-2283569DB1A4}.Release|Any CPU.ActiveCfg = Release|Any CPU
		{F00E5A24-C3B9-477F-8838-2283569DB1A4}.Release|Any CPU.Build.0 = Release|Any CPU
		{F00E5A24-C3B9-477F-8838-2283569DB1A4}.Release|x64.ActiveCfg = Release|Any CPU
		{F00E5A24-C3B9-477F-8838-2283569DB1A4}.Release|x64.Build.0 = Release|Any CPU
		{F00E5A24-C3B9-477F-8838-2283569DB1A4}.Release|x86.ActiveCfg = Release|Any CPU
		{F00E5A24-C3B9-477F-8838-2283569DB1A4}.Release|x86.Build.0 = Release|Any CPU
		{371DDBAB-A591-4241-A71E-C21AEA1C9B5C}.Debug|Any CPU.ActiveCfg = Debug|Any CPU
		{371DDBAB-A591-4241-A71E-C21AEA1C9B5C}.Debug|Any CPU.Build.0 = Debug|Any CPU
		{371DDBAB-A591-4241-A71E-C21AEA1C9B5C}.Debug|x64.ActiveCfg = Debug|Any CPU
		{371DDBAB-A591-4241-A71E-C21AEA1C9B5C}.Debug|x64.Build.0 = Debug|Any CPU
		{371DDBAB-A591-4241-A71E-C21AEA1C9B5C}.Debug|x86.ActiveCfg = Debug|Any CPU
		{371DDBAB-A591-4241-A71E-C21AEA1C9B5C}.Debug|x86.Build.0 = Debug|Any CPU
		{371DDBAB-A591-4241-A71E-C21AEA1C9B5C}.Release|Any CPU.ActiveCfg = Release|Any CPU
		{371DDBAB-A591-4241-A71E-C21AEA1C9B5C}.Release|Any CPU.Build.0 = Release|Any CPU
		{371DDBAB-A591-4241-A71E-C21AEA1C9B5C}.Release|x64.ActiveCfg = Release|Any CPU
		{371DDBAB-A591-4241-A71E-C21AEA1C9B5C}.Release|x64.Build.0 = Release|Any CPU
		{371DDBAB-A591-4241-A71E-C21AEA1C9B5C}.Release|x86.ActiveCfg = Release|Any CPU
		{371DDBAB-A591-4241-A71E-C21AEA1C9B5C}.Release|x86.Build.0 = Release|Any CPU
		{0FE7E025-B319-4CBD-9589-1CF17331DD5E}.Debug|Any CPU.ActiveCfg = Debug|Any CPU
		{0FE7E025-B319-4CBD-9589-1CF17331DD5E}.Debug|Any CPU.Build.0 = Debug|Any CPU
		{0FE7E025-B319-4CBD-9589-1CF17331DD5E}.Debug|x64.ActiveCfg = Debug|Any CPU
		{0FE7E025-B319-4CBD-9589-1CF17331DD5E}.Debug|x64.Build.0 = Debug|Any CPU
		{0FE7E025-B319-4CBD-9589-1CF17331DD5E}.Debug|x86.ActiveCfg = Debug|Any CPU
		{0FE7E025-B319-4CBD-9589-1CF17331DD5E}.Debug|x86.Build.0 = Debug|Any CPU
		{0FE7E025-B319-4CBD-9589-1CF17331DD5E}.Release|Any CPU.ActiveCfg = Release|Any CPU
		{0FE7E025-B319-4CBD-9589-1CF17331DD5E}.Release|Any CPU.Build.0 = Release|Any CPU
		{0FE7E025-B319-4CBD-9589-1CF17331DD5E}.Release|x64.ActiveCfg = Release|Any CPU
		{0FE7E025-B319-4CBD-9589-1CF17331DD5E}.Release|x64.Build.0 = Release|Any CPU
		{0FE7E025-B319-4CBD-9589-1CF17331DD5E}.Release|x86.ActiveCfg = Release|Any CPU
		{0FE7E025-B319-4CBD-9589-1CF17331DD5E}.Release|x86.Build.0 = Release|Any CPU
		{7DA71674-DF07-4106-A292-FBB4F339D10F}.Debug|Any CPU.ActiveCfg = Debug|Any CPU
		{7DA71674-DF07-4106-A292-FBB4F339D10F}.Debug|Any CPU.Build.0 = Debug|Any CPU
		{7DA71674-DF07-4106-A292-FBB4F339D10F}.Debug|x64.ActiveCfg = Debug|Any CPU
		{7DA71674-DF07-4106-A292-FBB4F339D10F}.Debug|x64.Build.0 = Debug|Any CPU
		{7DA71674-DF07-4106-A292-FBB4F339D10F}.Debug|x86.ActiveCfg = Debug|Any CPU
		{7DA71674-DF07-4106-A292-FBB4F339D10F}.Debug|x86.Build.0 = Debug|Any CPU
		{7DA71674-DF07-4106-A292-FBB4F339D10F}.Release|Any CPU.ActiveCfg = Release|Any CPU
		{7DA71674-DF07-4106-A292-FBB4F339D10F}.Release|Any CPU.Build.0 = Release|Any CPU
		{7DA71674-DF07-4106-A292-FBB4F339D10F}.Release|x64.ActiveCfg = Release|Any CPU
		{7DA71674-DF07-4106-A292-FBB4F339D10F}.Release|x64.Build.0 = Release|Any CPU
		{7DA71674-DF07-4106-A292-FBB4F339D10F}.Release|x86.ActiveCfg = Release|Any CPU
		{7DA71674-DF07-4106-A292-FBB4F339D10F}.Release|x86.Build.0 = Release|Any CPU
		{8221EF94-73F0-4BDD-A1FF-E6E428B9EF72}.Debug|Any CPU.ActiveCfg = Debug|Any CPU
		{8221EF94-73F0-4BDD-A1FF-E6E428B9EF72}.Debug|Any CPU.Build.0 = Debug|Any CPU
		{8221EF94-73F0-4BDD-A1FF-E6E428B9EF72}.Debug|x64.ActiveCfg = Debug|Any CPU
		{8221EF94-73F0-4BDD-A1FF-E6E428B9EF72}.Debug|x64.Build.0 = Debug|Any CPU
		{8221EF94-73F0-4BDD-A1FF-E6E428B9EF72}.Debug|x86.ActiveCfg = Debug|Any CPU
		{8221EF94-73F0-4BDD-A1FF-E6E428B9EF72}.Debug|x86.Build.0 = Debug|Any CPU
		{8221EF94-73F0-4BDD-A1FF-E6E428B9EF72}.Release|Any CPU.ActiveCfg = Release|Any CPU
		{8221EF94-73F0-4BDD-A1FF-E6E428B9EF72}.Release|Any CPU.Build.0 = Release|Any CPU
		{8221EF94-73F0-4BDD-A1FF-E6E428B9EF72}.Release|x64.ActiveCfg = Release|Any CPU
		{8221EF94-73F0-4BDD-A1FF-E6E428B9EF72}.Release|x64.Build.0 = Release|Any CPU
		{8221EF94-73F0-4BDD-A1FF-E6E428B9EF72}.Release|x86.ActiveCfg = Release|Any CPU
		{8221EF94-73F0-4BDD-A1FF-E6E428B9EF72}.Release|x86.Build.0 = Release|Any CPU
	EndGlobalSection
	GlobalSection(SolutionProperties) = preSolution
		HideSolutionNode = FALSE
	EndGlobalSection
EndGlobal
